
Microsoft Visual Studio Solution File, Format Version 12.00
# Visual Studio Version 17
VisualStudioVersion = 17.0.31903.59
MinimumVisualStudioVersion = 10.0.40219.1
Project("{2150E333-8FDC-42A3-9474-1A3956D46DE8}") = "src", "src", "{DCF90012-3BE3-4082-A5B9-C22BD0968807}"
EndProject
Project("{FAE04EC0-301F-11D3-BF4B-00C04F79EFBC}") = "Pvm.Core", "src\Pvm.Core\Pvm.Core.csproj", "{FC9A7052-52F4-42CD-A16F-B732BAFBC11C}"
EndProject
Project("{FAE04EC0-301F-11D3-BF4B-00C04F79EFBC}") = "Pvm.Application", "src\Pvm.Application\Pvm.Application.csproj", "{A4E8121B-B0E8-426B-9D80-A71E8D340757}"
EndProject
Project("{FAE04EC0-301F-11D3-BF4B-00C04F79EFBC}") = "Pvm.Infrastructure", "src\Pvm.Infrastructure\Pvm.Infrastructure.csproj", "{9A347AFC-2FE5-44CC-84FD-9FE59070BD02}"
EndProject
Project("{FAE04EC0-301F-11D3-BF4B-00C04F79EFBC}") = "Pvm.Cli", "src\Pvm.Cli\Pvm.Cli.csproj", "{E5DE00BF-2C53-4771-9C07-280584026C3C}"
EndProject
Project("{2150E333-8FDC-42A3-9474-1A3956D46DE8}") = "tests", "tests", "{BDE0AAA1-94DA-48ED-ACED-4350E032D12C}"
EndProject
Project("{FAE04EC0-301F-11D3-BF4B-00C04F79EFBC}") = "Pvm.Core.Tests", "tests\Pvm.Core.Tests\Pvm.Core.Tests.csproj", "{E1523F99-2B8A-4378-94E2-AFDCF27340B2}"
EndProject
Project("{FAE04EC0-301F-11D3-BF4B-00C04F79EFBC}") = "Pvm.Application.Tests", "tests\Pvm.Application.Tests\Pvm.Application.Tests.csproj", "{C46292DD-D72B-40E9-8B41-86EE4E0F960D}"
EndProject
Project("{FAE04EC0-301F-11D3-BF4B-00C04F79EFBC}") = "Pvm.Infrastructure.Tests", "tests\Pvm.Infrastructure.Tests\Pvm.Infrastructure.Tests.csproj", "{2AF87E90-6A5F-4F2A-BFCF-69A9378B3026}"
EndProject
Project("{FAE04EC0-301F-11D3-BF4B-00C04F79EFBC}") = "Pvm.Cli.Tests", "tests\Pvm.Cli.Tests\Pvm.Cli.Tests.csproj", "{91B439F2-BB78-4FEE-A921-AAD54B6851BD}"
EndProject
Project("{FAE04EC0-301F-11D3-BF4B-00C04F79EFBC}") = "Pvm.Architecture.Tests", "tests\Pvm.Architecture.Tests\Pvm.Architecture.Tests.csproj", "{E35EAAC7-6274-4252-9F86-02AA1F38577E}"
EndProject
Project("{FAE04EC0-301F-11D3-BF4B-00C04F79EFBC}") = "Pvm.Setup", "src\Pvm.Setup\Pvm.Setup.csproj", "{98563DD5-50DB-47F7-AAB5-83616CAE59F4}"
EndProject
Global
	GlobalSection(SolutionConfigurationPlatforms) = preSolution
		Debug|Any CPU = Debug|Any CPU
		Release|Any CPU = Release|Any CPU
	EndGlobalSection
	GlobalSection(SolutionProperties) = preSolution
		HideSolutionNode = FALSE
	EndGlobalSection
	GlobalSection(ProjectConfigurationPlatforms) = postSolution
		{FC9A7052-52F4-42CD-A16F-B732BAFBC11C}.Debug|Any CPU.ActiveCfg = Debug|Any CPU
		{FC9A7052-52F4-42CD-A16F-B732BAFBC11C}.Debug|Any CPU.Build.0 = Debug|Any CPU
		{FC9A7052-52F4-42CD-A16F-B732BAFBC11C}.Release|Any CPU.ActiveCfg = Release|Any CPU
		{FC9A7052-52F4-42CD-A16F-B732BAFBC11C}.Release|Any CPU.Build.0 = Release|Any CPU
		{A4E8121B-B0E8-426B-9D80-A71E8D340757}.Debug|Any CPU.ActiveCfg = Debug|Any CPU
		{A4E8121B-B0E8-426B-9D80-A71E8D340757}.Debug|Any CPU.Build.0 = Debug|Any CPU
		{A4E8121B-B0E8-426B-9D80-A71E8D340757}.Release|Any CPU.ActiveCfg = Release|Any CPU
		{A4E8121B-B0E8-426B-9D80-A71E8D340757}.Release|Any CPU.Build.0 = Release|Any CPU
		{9A347AFC-2FE5-44CC-84FD-9FE59070BD02}.Debug|Any CPU.ActiveCfg = Debug|Any CPU
		{9A347AFC-2FE5-44CC-84FD-9FE59070BD02}.Debug|Any CPU.Build.0 = Debug|Any CPU
		{9A347AFC-2FE5-44CC-84FD-9FE59070BD02}.Release|Any CPU.ActiveCfg = Release|Any CPU
		{9A347AFC-2FE5-44CC-84FD-9FE59070BD02}.Release|Any CPU.Build.0 = Release|Any CPU
		{E5DE00BF-2C53-4771-9C07-280584026C3C}.Debug|Any CPU.ActiveCfg = Debug|Any CPU
		{E5DE00BF-2C53-4771-9C07-280584026C3C}.Debug|Any CPU.Build.0 = Debug|Any CPU
		{E5DE00BF-2C53-4771-9C07-280584026C3C}.Release|Any CPU.ActiveCfg = Release|Any CPU
		{E5DE00BF-2C53-4771-9C07-280584026C3C}.Release|Any CPU.Build.0 = Release|Any CPU
		{E1523F99-2B8A-4378-94E2-AFDCF27340B2}.Debug|Any CPU.ActiveCfg = Debug|Any CPU
		{E1523F99-2B8A-4378-94E2-AFDCF27340B2}.Debug|Any CPU.Build.0 = Debug|Any CPU
		{E1523F99-2B8A-4378-94E2-AFDCF27340B2}.Release|Any CPU.ActiveCfg = Release|Any CPU
		{E1523F99-2B8A-4378-94E2-AFDCF27340B2}.Release|Any CPU.Build.0 = Release|Any CPU
		{C46292DD-D72B-40E9-8B41-86EE4E0F960D}.Debug|Any CPU.ActiveCfg = Debug|Any CPU
		{C46292DD-D72B-40E9-8B41-86EE4E0F960D}.Debug|Any CPU.Build.0 = Debug|Any CPU
		{C46292DD-D72B-40E9-8B41-86EE4E0F960D}.Release|Any CPU.ActiveCfg = Release|Any CPU
		{C46292DD-D72B-40E9-8B41-86EE4E0F960D}.Release|Any CPU.Build.0 = Release|Any CPU
		{2AF87E90-6A5F-4F2A-BFCF-69A9378B3026}.Debug|Any CPU.ActiveCfg = Debug|Any CPU
		{2AF87E90-6A5F-4F2A-BFCF-69A9378B3026}.Debug|Any CPU.Build.0 = Debug|Any CPU
		{2AF87E90-6A5F-4F2A-BFCF-69A9378B3026}.Release|Any CPU.ActiveCfg = Release|Any CPU
		{2AF87E90-6A5F-4F2A-BFCF-69A9378B3026}.Release|Any CPU.Build.0 = Release|Any CPU
		{91B439F2-BB78-4FEE-A921-AAD54B6851BD}.Debug|Any CPU.ActiveCfg = Debug|Any CPU
		{91B439F2-BB78-4FEE-A921-AAD54B6851BD}.Debug|Any CPU.Build.0 = Debug|Any CPU
		{91B439F2-BB78-4FEE-A921-AAD54B6851BD}.Release|Any CPU.ActiveCfg = Release|Any CPU
		{91B439F2-BB78-4FEE-A921-AAD54B6851BD}.Release|Any CPU.Build.0 = Release|Any CPU
		{E35EAAC7-6274-4252-9F86-02AA1F38577E}.Debug|Any CPU.ActiveCfg = Debug|Any CPU
		{E35EAAC7-6274-4252-9F86-02AA1F38577E}.Debug|Any CPU.Build.0 = Debug|Any CPU
		{E35EAAC7-6274-4252-9F86-02AA1F38577E}.Release|Any CPU.ActiveCfg = Release|Any CPU
		{E35EAAC7-6274-4252-9F86-02AA1F38577E}.Release|Any CPU.Build.0 = Release|Any CPU
		{98563DD5-50DB-47F7-AAB5-83616CAE59F4}.Debug|Any CPU.ActiveCfg = Debug|Any CPU
		{98563DD5-50DB-47F7-AAB5-83616CAE59F4}.Debug|Any CPU.Build.0 = Debug|Any CPU
		{98563DD5-50DB-47F7-AAB5-83616CAE59F4}.Release|Any CPU.ActiveCfg = Release|Any CPU
		{98563DD5-50DB-47F7-AAB5-83616CAE59F4}.Release|Any CPU.Build.0 = Release|Any CPU
	EndGlobalSection
	GlobalSection(NestedProjects) = preSolution
		{FC9A7052-52F4-42CD-A16F-B732BAFBC11C} = {DCF90012-3BE3-4082-A5B9-C22BD0968807}
		{A4E8121B-B0E8-426B-9D80-A71E8D340757} = {DCF90012-3BE3-4082-A5B9-C22BD0968807}
		{9A347AFC-2FE5-44CC-84FD-9FE59070BD02} = {DCF90012-3BE3-4082-A5B9-C22BD0968807}
		{E5DE00BF-2C53-4771-9C07-280584026C3C} = {DCF90012-3BE3-4082-A5B9-C22BD0968807}
		{E1523F99-2B8A-4378-94E2-AFDCF27340B2} = {BDE0AAA1-94DA-48ED-ACED-4350E032D12C}
		{C46292DD-D72B-40E9-8B41-86EE4E0F960D} = {BDE0AAA1-94DA-48ED-ACED-4350E032D12C}
		{2AF87E90-6A5F-4F2A-BFCF-69A9378B3026} = {BDE0AAA1-94DA-48ED-ACED-4350E032D12C}
		{91B439F2-BB78-4FEE-A921-AAD54B6851BD} = {BDE0AAA1-94DA-48ED-ACED-4350E032D12C}
		{E35EAAC7-6274-4252-9F86-02AA1F38577E} = {BDE0AAA1-94DA-48ED-ACED-4350E032D12C}
		{98563DD5-50DB-47F7-AAB5-83616CAE59F4} = {DCF90012-3BE3-4082-A5B9-C22BD0968807}
	EndGlobalSection
EndGlobal
